
Microsoft Visual Studio Solution File, Format Version 12.00
# Visual Studio 15
VisualStudioVersion = 15.0.26124.0
MinimumVisualStudioVersion = 15.0.26124.0
Project("{FAE04EC0-301F-11D3-BF4B-00C04F79EFBC}") = "FTStore.Web", "src\FTStore.Web\FTStore.Web.csproj", "{16F97B83-5CE8-4361-B342-B0A48F3A62CD}"
EndProject
Project("{FAE04EC0-301F-11D3-BF4B-00C04F79EFBC}") = "FTStore.Domain", "src\FTStore.Domain\FTStore.Domain.csproj", "{258202C9-A5BC-445C-8E1D-F3CC42E05E5E}"
EndProject
Project("{FAE04EC0-301F-11D3-BF4B-00C04F79EFBC}") = "FTStore.Infra", "src\FTStore.Infra\FTStore.Infra.csproj", "{43498B27-A49C-420E-8AE4-81A67B457F89}"
EndProject
Project("{FAE04EC0-301F-11D3-BF4B-00C04F79EFBC}") = "FTStore.App", "src\FTStore.App\FTStore.App.csproj", "{1B1FD50C-59CE-4069-872E-5B06290D93E4}"
EndProject
Project("{FAE04EC0-301F-11D3-BF4B-00C04F79EFBC}") = "FTStore.Crosscutting", "src\FTStore.Crosscutting\FTStore.Crosscutting.csproj", "{15AEDD5B-5DC9-44F0-81B1-46C2212FF1FA}"
EndProject
Project("{FAE04EC0-301F-11D3-BF4B-00C04F79EFBC}") = "FTStore.Infra.Tests", "src\FTStore.Infra.Tests\FTStore.Infra.Tests.csproj", "{BCA6CF22-8FB3-4796-9565-06F3DD6F81BD}"
EndProject
Project("{FAE04EC0-301F-11D3-BF4B-00C04F79EFBC}") = "FTStore.Domain.Tests", "src\FTStore.Domain.Tests\FTStore.Domain.Tests.csproj", "{76C21A10-1ABF-49C3-93FE-930F60AA2B04}"
EndProject
Project("{FAE04EC0-301F-11D3-BF4B-00C04F79EFBC}") = "FTStore.App.Tests", "src\FTStore.App.Tests\FTStore.App.Tests.csproj", "{F9025FF6-78DC-4095-8C5E-6D0B8404D372}"
EndProject
Project("{2150E333-8FDC-42A3-9474-1A3956D46DE8}") = "src", "src", "{6BE6F5E5-CAB7-4EF9-BF8E-3FB69B4C33B3}"
EndProject
Project("{FAE04EC0-301F-11D3-BF4B-00C04F79EFBC}") = "FTStore.Web.Tests", "src\FTStore.Web.Tests\FTStore.Web.Tests.csproj", "{1A80480F-32F0-4E70-9E2E-25FD39A0641B}"
EndProject
Project("{FAE04EC0-301F-11D3-BF4B-00C04F79EFBC}") = "FTStore.Web.End2End.Test", "src\FTStore.Web.End2End.Test\FTStore.Web.End2End.Test.csproj", "{6AAE3FE0-CF6C-474D-BF57-B647AB4E3C54}"
EndProject
Project("{FAE04EC0-301F-11D3-BF4B-00C04F79EFBC}") = "FTStore.UserDomain.Tests", "src\FTStore.UserDomain.Tests\FTStore.UserDomain.Tests.csproj", "{66FC354B-383C-4F2E-8991-1F9E6DB86539}"
EndProject
Project("{FAE04EC0-301F-11D3-BF4B-00C04F79EFBC}") = "FTStore.UserDomain", "src\FTStore.UserDomain\FTStore.UserDomain.csproj", "{29C6BBCF-D29E-41F6-9506-89DBDB51DA03}"
EndProject
Project("{FAE04EC0-301F-11D3-BF4B-00C04F79EFBC}") = "FTStore.UserInfra", "src\FTStore.UserInfra\FTStore.UserInfra.csproj", "{05081836-C3C3-4B62-837A-7463DC2D1F03}"
EndProject
Global
	GlobalSection(SolutionConfigurationPlatforms) = preSolution
		Debug|Any CPU = Debug|Any CPU
		Debug|x64 = Debug|x64
		Debug|x86 = Debug|x86
		Release|Any CPU = Release|Any CPU
		Release|x64 = Release|x64
		Release|x86 = Release|x86
	EndGlobalSection
	GlobalSection(SolutionProperties) = preSolution
		HideSolutionNode = FALSE
	EndGlobalSection
	GlobalSection(ProjectConfigurationPlatforms) = postSolution
		{16F97B83-5CE8-4361-B342-B0A48F3A62CD}.Debug|Any CPU.ActiveCfg = Debug|Any CPU
		{16F97B83-5CE8-4361-B342-B0A48F3A62CD}.Debug|Any CPU.Build.0 = Debug|Any CPU
		{16F97B83-5CE8-4361-B342-B0A48F3A62CD}.Debug|x64.ActiveCfg = Debug|Any CPU
		{16F97B83-5CE8-4361-B342-B0A48F3A62CD}.Debug|x64.Build.0 = Debug|Any CPU
		{16F97B83-5CE8-4361-B342-B0A48F3A62CD}.Debug|x86.ActiveCfg = Debug|Any CPU
		{16F97B83-5CE8-4361-B342-B0A48F3A62CD}.Debug|x86.Build.0 = Debug|Any CPU
		{16F97B83-5CE8-4361-B342-B0A48F3A62CD}.Release|Any CPU.ActiveCfg = Release|Any CPU
		{16F97B83-5CE8-4361-B342-B0A48F3A62CD}.Release|Any CPU.Build.0 = Release|Any CPU
		{16F97B83-5CE8-4361-B342-B0A48F3A62CD}.Release|x64.ActiveCfg = Release|Any CPU
		{16F97B83-5CE8-4361-B342-B0A48F3A62CD}.Release|x64.Build.0 = Release|Any CPU
		{16F97B83-5CE8-4361-B342-B0A48F3A62CD}.Release|x86.ActiveCfg = Release|Any CPU
		{16F97B83-5CE8-4361-B342-B0A48F3A62CD}.Release|x86.Build.0 = Release|Any CPU
		{258202C9-A5BC-445C-8E1D-F3CC42E05E5E}.Debug|Any CPU.ActiveCfg = Debug|Any CPU
		{258202C9-A5BC-445C-8E1D-F3CC42E05E5E}.Debug|Any CPU.Build.0 = Debug|Any CPU
		{258202C9-A5BC-445C-8E1D-F3CC42E05E5E}.Debug|x64.ActiveCfg = Debug|Any CPU
		{258202C9-A5BC-445C-8E1D-F3CC42E05E5E}.Debug|x64.Build.0 = Debug|Any CPU
		{258202C9-A5BC-445C-8E1D-F3CC42E05E5E}.Debug|x86.ActiveCfg = Debug|Any CPU
		{258202C9-A5BC-445C-8E1D-F3CC42E05E5E}.Debug|x86.Build.0 = Debug|Any CPU
		{258202C9-A5BC-445C-8E1D-F3CC42E05E5E}.Release|Any CPU.ActiveCfg = Release|Any CPU
		{258202C9-A5BC-445C-8E1D-F3CC42E05E5E}.Release|Any CPU.Build.0 = Release|Any CPU
		{258202C9-A5BC-445C-8E1D-F3CC42E05E5E}.Release|x64.ActiveCfg = Release|Any CPU
		{258202C9-A5BC-445C-8E1D-F3CC42E05E5E}.Release|x64.Build.0 = Release|Any CPU
		{258202C9-A5BC-445C-8E1D-F3CC42E05E5E}.Release|x86.ActiveCfg = Release|Any CPU
		{258202C9-A5BC-445C-8E1D-F3CC42E05E5E}.Release|x86.Build.0 = Release|Any CPU
		{43498B27-A49C-420E-8AE4-81A67B457F89}.Debug|Any CPU.ActiveCfg = Debug|Any CPU
		{43498B27-A49C-420E-8AE4-81A67B457F89}.Debug|Any CPU.Build.0 = Debug|Any CPU
		{43498B27-A49C-420E-8AE4-81A67B457F89}.Debug|x64.ActiveCfg = Debug|Any CPU
		{43498B27-A49C-420E-8AE4-81A67B457F89}.Debug|x64.Build.0 = Debug|Any CPU
		{43498B27-A49C-420E-8AE4-81A67B457F89}.Debug|x86.ActiveCfg = Debug|Any CPU
		{43498B27-A49C-420E-8AE4-81A67B457F89}.Debug|x86.Build.0 = Debug|Any CPU
		{43498B27-A49C-420E-8AE4-81A67B457F89}.Release|Any CPU.ActiveCfg = Release|Any CPU
		{43498B27-A49C-420E-8AE4-81A67B457F89}.Release|Any CPU.Build.0 = Release|Any CPU
		{43498B27-A49C-420E-8AE4-81A67B457F89}.Release|x64.ActiveCfg = Release|Any CPU
		{43498B27-A49C-420E-8AE4-81A67B457F89}.Release|x64.Build.0 = Release|Any CPU
		{43498B27-A49C-420E-8AE4-81A67B457F89}.Release|x86.ActiveCfg = Release|Any CPU
		{43498B27-A49C-420E-8AE4-81A67B457F89}.Release|x86.Build.0 = Release|Any CPU
		{1B1FD50C-59CE-4069-872E-5B06290D93E4}.Debug|Any CPU.ActiveCfg = Debug|Any CPU
		{1B1FD50C-59CE-4069-872E-5B06290D93E4}.Debug|Any CPU.Build.0 = Debug|Any CPU
		{1B1FD50C-59CE-4069-872E-5B06290D93E4}.Debug|x64.ActiveCfg = Debug|Any CPU
		{1B1FD50C-59CE-4069-872E-5B06290D93E4}.Debug|x64.Build.0 = Debug|Any CPU
		{1B1FD50C-59CE-4069-872E-5B06290D93E4}.Debug|x86.ActiveCfg = Debug|Any CPU
		{1B1FD50C-59CE-4069-872E-5B06290D93E4}.Debug|x86.Build.0 = Debug|Any CPU
		{1B1FD50C-59CE-4069-872E-5B06290D93E4}.Release|Any CPU.ActiveCfg = Release|Any CPU
		{1B1FD50C-59CE-4069-872E-5B06290D93E4}.Release|Any CPU.Build.0 = Release|Any CPU
		{1B1FD50C-59CE-4069-872E-5B06290D93E4}.Release|x64.ActiveCfg = Release|Any CPU
		{1B1FD50C-59CE-4069-872E-5B06290D93E4}.Release|x64.Build.0 = Release|Any CPU
		{1B1FD50C-59CE-4069-872E-5B06290D93E4}.Release|x86.ActiveCfg = Release|Any CPU
		{1B1FD50C-59CE-4069-872E-5B06290D93E4}.Release|x86.Build.0 = Release|Any CPU
		{15AEDD5B-5DC9-44F0-81B1-46C2212FF1FA}.Debug|Any CPU.ActiveCfg = Debug|Any CPU
		{15AEDD5B-5DC9-44F0-81B1-46C2212FF1FA}.Debug|Any CPU.Build.0 = Debug|Any CPU
		{15AEDD5B-5DC9-44F0-81B1-46C2212FF1FA}.Debug|x64.ActiveCfg = Debug|Any CPU
		{15AEDD5B-5DC9-44F0-81B1-46C2212FF1FA}.Debug|x64.Build.0 = Debug|Any CPU
		{15AEDD5B-5DC9-44F0-81B1-46C2212FF1FA}.Debug|x86.ActiveCfg = Debug|Any CPU
		{15AEDD5B-5DC9-44F0-81B1-46C2212FF1FA}.Debug|x86.Build.0 = Debug|Any CPU
		{15AEDD5B-5DC9-44F0-81B1-46C2212FF1FA}.Release|Any CPU.ActiveCfg = Release|Any CPU
		{15AEDD5B-5DC9-44F0-81B1-46C2212FF1FA}.Release|Any CPU.Build.0 = Release|Any CPU
		{15AEDD5B-5DC9-44F0-81B1-46C2212FF1FA}.Release|x64.ActiveCfg = Release|Any CPU
		{15AEDD5B-5DC9-44F0-81B1-46C2212FF1FA}.Release|x64.Build.0 = Release|Any CPU
		{15AEDD5B-5DC9-44F0-81B1-46C2212FF1FA}.Release|x86.ActiveCfg = Release|Any CPU
		{15AEDD5B-5DC9-44F0-81B1-46C2212FF1FA}.Release|x86.Build.0 = Release|Any CPU
		{BCA6CF22-8FB3-4796-9565-06F3DD6F81BD}.Debug|Any CPU.ActiveCfg = Debug|Any CPU
		{BCA6CF22-8FB3-4796-9565-06F3DD6F81BD}.Debug|Any CPU.Build.0 = Debug|Any CPU
		{BCA6CF22-8FB3-4796-9565-06F3DD6F81BD}.Debug|x64.ActiveCfg = Debug|Any CPU
		{BCA6CF22-8FB3-4796-9565-06F3DD6F81BD}.Debug|x64.Build.0 = Debug|Any CPU
		{BCA6CF22-8FB3-4796-9565-06F3DD6F81BD}.Debug|x86.ActiveCfg = Debug|Any CPU
		{BCA6CF22-8FB3-4796-9565-06F3DD6F81BD}.Debug|x86.Build.0 = Debug|Any CPU
		{BCA6CF22-8FB3-4796-9565-06F3DD6F81BD}.Release|Any CPU.ActiveCfg = Release|Any CPU
		{BCA6CF22-8FB3-4796-9565-06F3DD6F81BD}.Release|Any CPU.Build.0 = Release|Any CPU
		{BCA6CF22-8FB3-4796-9565-06F3DD6F81BD}.Release|x64.ActiveCfg = Release|Any CPU
		{BCA6CF22-8FB3-4796-9565-06F3DD6F81BD}.Release|x64.Build.0 = Release|Any CPU
		{BCA6CF22-8FB3-4796-9565-06F3DD6F81BD}.Release|x86.ActiveCfg = Release|Any CPU
		{BCA6CF22-8FB3-4796-9565-06F3DD6F81BD}.Release|x86.Build.0 = Release|Any CPU
		{76C21A10-1ABF-49C3-93FE-930F60AA2B04}.Debug|Any CPU.ActiveCfg = Debug|Any CPU
		{76C21A10-1ABF-49C3-93FE-930F60AA2B04}.Debug|Any CPU.Build.0 = Debug|Any CPU
		{76C21A10-1ABF-49C3-93FE-930F60AA2B04}.Debug|x64.ActiveCfg = Debug|Any CPU
		{76C21A10-1ABF-49C3-93FE-930F60AA2B04}.Debug|x64.Build.0 = Debug|Any CPU
		{76C21A10-1ABF-49C3-93FE-930F60AA2B04}.Debug|x86.ActiveCfg = Debug|Any CPU
		{76C21A10-1ABF-49C3-93FE-930F60AA2B04}.Debug|x86.Build.0 = Debug|Any CPU
		{76C21A10-1ABF-49C3-93FE-930F60AA2B04}.Release|Any CPU.ActiveCfg = Release|Any CPU
		{76C21A10-1ABF-49C3-93FE-930F60AA2B04}.Release|Any CPU.Build.0 = Release|Any CPU
		{76C21A10-1ABF-49C3-93FE-930F60AA2B04}.Release|x64.ActiveCfg = Release|Any CPU
		{76C21A10-1ABF-49C3-93FE-930F60AA2B04}.Release|x64.Build.0 = Release|Any CPU
		{76C21A10-1ABF-49C3-93FE-930F60AA2B04}.Release|x86.ActiveCfg = Release|Any CPU
		{76C21A10-1ABF-49C3-93FE-930F60AA2B04}.Release|x86.Build.0 = Release|Any CPU
		{F9025FF6-78DC-4095-8C5E-6D0B8404D372}.Debug|Any CPU.ActiveCfg = Debug|Any CPU
		{F9025FF6-78DC-4095-8C5E-6D0B8404D372}.Debug|Any CPU.Build.0 = Debug|Any CPU
		{F9025FF6-78DC-4095-8C5E-6D0B8404D372}.Debug|x64.ActiveCfg = Debug|Any CPU
		{F9025FF6-78DC-4095-8C5E-6D0B8404D372}.Debug|x64.Build.0 = Debug|Any CPU
		{F9025FF6-78DC-4095-8C5E-6D0B8404D372}.Debug|x86.ActiveCfg = Debug|Any CPU
		{F9025FF6-78DC-4095-8C5E-6D0B8404D372}.Debug|x86.Build.0 = Debug|Any CPU
		{F9025FF6-78DC-4095-8C5E-6D0B8404D372}.Release|Any CPU.ActiveCfg = Release|Any CPU
		{F9025FF6-78DC-4095-8C5E-6D0B8404D372}.Release|Any CPU.Build.0 = Release|Any CPU
		{F9025FF6-78DC-4095-8C5E-6D0B8404D372}.Release|x64.ActiveCfg = Release|Any CPU
		{F9025FF6-78DC-4095-8C5E-6D0B8404D372}.Release|x64.Build.0 = Release|Any CPU
		{F9025FF6-78DC-4095-8C5E-6D0B8404D372}.Release|x86.ActiveCfg = Release|Any CPU
		{F9025FF6-78DC-4095-8C5E-6D0B8404D372}.Release|x86.Build.0 = Release|Any CPU
		{1A80480F-32F0-4E70-9E2E-25FD39A0641B}.Debug|Any CPU.ActiveCfg = Debug|Any CPU
		{1A80480F-32F0-4E70-9E2E-25FD39A0641B}.Debug|Any CPU.Build.0 = Debug|Any CPU
		{1A80480F-32F0-4E70-9E2E-25FD39A0641B}.Debug|x64.ActiveCfg = Debug|Any CPU
		{1A80480F-32F0-4E70-9E2E-25FD39A0641B}.Debug|x64.Build.0 = Debug|Any CPU
		{1A80480F-32F0-4E70-9E2E-25FD39A0641B}.Debug|x86.ActiveCfg = Debug|Any CPU
		{1A80480F-32F0-4E70-9E2E-25FD39A0641B}.Debug|x86.Build.0 = Debug|Any CPU
		{1A80480F-32F0-4E70-9E2E-25FD39A0641B}.Release|Any CPU.ActiveCfg = Release|Any CPU
		{1A80480F-32F0-4E70-9E2E-25FD39A0641B}.Release|Any CPU.Build.0 = Release|Any CPU
		{1A80480F-32F0-4E70-9E2E-25FD39A0641B}.Release|x64.ActiveCfg = Release|Any CPU
		{1A80480F-32F0-4E70-9E2E-25FD39A0641B}.Release|x64.Build.0 = Release|Any CPU
		{1A80480F-32F0-4E70-9E2E-25FD39A0641B}.Release|x86.ActiveCfg = Release|Any CPU
		{1A80480F-32F0-4E70-9E2E-25FD39A0641B}.Release|x86.Build.0 = Release|Any CPU
		{6AAE3FE0-CF6C-474D-BF57-B647AB4E3C54}.Debug|Any CPU.ActiveCfg = Debug|Any CPU
		{6AAE3FE0-CF6C-474D-BF57-B647AB4E3C54}.Debug|Any CPU.Build.0 = Debug|Any CPU
		{6AAE3FE0-CF6C-474D-BF57-B647AB4E3C54}.Debug|x64.ActiveCfg = Debug|Any CPU
		{6AAE3FE0-CF6C-474D-BF57-B647AB4E3C54}.Debug|x64.Build.0 = Debug|Any CPU
		{6AAE3FE0-CF6C-474D-BF57-B647AB4E3C54}.Debug|x86.ActiveCfg = Debug|Any CPU
		{6AAE3FE0-CF6C-474D-BF57-B647AB4E3C54}.Debug|x86.Build.0 = Debug|Any CPU
		{6AAE3FE0-CF6C-474D-BF57-B647AB4E3C54}.Release|Any CPU.ActiveCfg = Release|Any CPU
		{6AAE3FE0-CF6C-474D-BF57-B647AB4E3C54}.Release|Any CPU.Build.0 = Release|Any CPU
		{6AAE3FE0-CF6C-474D-BF57-B647AB4E3C54}.Release|x64.ActiveCfg = Release|Any CPU
		{6AAE3FE0-CF6C-474D-BF57-B647AB4E3C54}.Release|x64.Build.0 = Release|Any CPU
		{6AAE3FE0-CF6C-474D-BF57-B647AB4E3C54}.Release|x86.ActiveCfg = Release|Any CPU
		{6AAE3FE0-CF6C-474D-BF57-B647AB4E3C54}.Release|x86.Build.0 = Release|Any CPU
		{66FC354B-383C-4F2E-8991-1F9E6DB86539}.Debug|Any CPU.ActiveCfg = Debug|Any CPU
		{66FC354B-383C-4F2E-8991-1F9E6DB86539}.Debug|Any CPU.Build.0 = Debug|Any CPU
		{66FC354B-383C-4F2E-8991-1F9E6DB86539}.Debug|x64.ActiveCfg = Debug|Any CPU
		{66FC354B-383C-4F2E-8991-1F9E6DB86539}.Debug|x64.Build.0 = Debug|Any CPU
		{66FC354B-383C-4F2E-8991-1F9E6DB86539}.Debug|x86.ActiveCfg = Debug|Any CPU
		{66FC354B-383C-4F2E-8991-1F9E6DB86539}.Debug|x86.Build.0 = Debug|Any CPU
		{66FC354B-383C-4F2E-8991-1F9E6DB86539}.Release|Any CPU.ActiveCfg = Release|Any CPU
		{66FC354B-383C-4F2E-8991-1F9E6DB86539}.Release|Any CPU.Build.0 = Release|Any CPU
		{66FC354B-383C-4F2E-8991-1F9E6DB86539}.Release|x64.ActiveCfg = Release|Any CPU
		{66FC354B-383C-4F2E-8991-1F9E6DB86539}.Release|x64.Build.0 = Release|Any CPU
		{66FC354B-383C-4F2E-8991-1F9E6DB86539}.Release|x86.ActiveCfg = Release|Any CPU
		{66FC354B-383C-4F2E-8991-1F9E6DB86539}.Release|x86.Build.0 = Release|Any CPU
		{29C6BBCF-D29E-41F6-9506-89DBDB51DA03}.Debug|Any CPU.ActiveCfg = Debug|Any CPU
		{29C6BBCF-D29E-41F6-9506-89DBDB51DA03}.Debug|Any CPU.Build.0 = Debug|Any CPU
		{29C6BBCF-D29E-41F6-9506-89DBDB51DA03}.Debug|x64.ActiveCfg = Debug|Any CPU
		{29C6BBCF-D29E-41F6-9506-89DBDB51DA03}.Debug|x64.Build.0 = Debug|Any CPU
		{29C6BBCF-D29E-41F6-9506-89DBDB51DA03}.Debug|x86.ActiveCfg = Debug|Any CPU
		{29C6BBCF-D29E-41F6-9506-89DBDB51DA03}.Debug|x86.Build.0 = Debug|Any CPU
		{29C6BBCF-D29E-41F6-9506-89DBDB51DA03}.Release|Any CPU.ActiveCfg = Release|Any CPU
		{29C6BBCF-D29E-41F6-9506-89DBDB51DA03}.Release|Any CPU.Build.0 = Release|Any CPU
		{29C6BBCF-D29E-41F6-9506-89DBDB51DA03}.Release|x64.ActiveCfg = Release|Any CPU
		{29C6BBCF-D29E-41F6-9506-89DBDB51DA03}.Release|x64.Build.0 = Release|Any CPU
		{29C6BBCF-D29E-41F6-9506-89DBDB51DA03}.Release|x86.ActiveCfg = Release|Any CPU
		{29C6BBCF-D29E-41F6-9506-89DBDB51DA03}.Release|x86.Build.0 = Release|Any CPU
		{05081836-C3C3-4B62-837A-7463DC2D1F03}.Debug|Any CPU.ActiveCfg = Debug|Any CPU
		{05081836-C3C3-4B62-837A-7463DC2D1F03}.Debug|Any CPU.Build.0 = Debug|Any CPU
		{05081836-C3C3-4B62-837A-7463DC2D1F03}.Debug|x64.ActiveCfg = Debug|Any CPU
		{05081836-C3C3-4B62-837A-7463DC2D1F03}.Debug|x64.Build.0 = Debug|Any CPU
		{05081836-C3C3-4B62-837A-7463DC2D1F03}.Debug|x86.ActiveCfg = Debug|Any CPU
		{05081836-C3C3-4B62-837A-7463DC2D1F03}.Debug|x86.Build.0 = Debug|Any CPU
		{05081836-C3C3-4B62-837A-7463DC2D1F03}.Release|Any CPU.ActiveCfg = Release|Any CPU
		{05081836-C3C3-4B62-837A-7463DC2D1F03}.Release|Any CPU.Build.0 = Release|Any CPU
		{05081836-C3C3-4B62-837A-7463DC2D1F03}.Release|x64.ActiveCfg = Release|Any CPU
		{05081836-C3C3-4B62-837A-7463DC2D1F03}.Release|x64.Build.0 = Release|Any CPU
		{05081836-C3C3-4B62-837A-7463DC2D1F03}.Release|x86.ActiveCfg = Release|Any CPU
		{05081836-C3C3-4B62-837A-7463DC2D1F03}.Release|x86.Build.0 = Release|Any CPU
	EndGlobalSection
	GlobalSection(NestedProjects) = preSolution
		{1A80480F-32F0-4E70-9E2E-25FD39A0641B} = {6BE6F5E5-CAB7-4EF9-BF8E-3FB69B4C33B3}
		{6AAE3FE0-CF6C-474D-BF57-B647AB4E3C54} = {6BE6F5E5-CAB7-4EF9-BF8E-3FB69B4C33B3}
		{66FC354B-383C-4F2E-8991-1F9E6DB86539} = {6BE6F5E5-CAB7-4EF9-BF8E-3FB69B4C33B3}
		{29C6BBCF-D29E-41F6-9506-89DBDB51DA03} = {6BE6F5E5-CAB7-4EF9-BF8E-3FB69B4C33B3}
		{05081836-C3C3-4B62-837A-7463DC2D1F03} = {6BE6F5E5-CAB7-4EF9-BF8E-3FB69B4C33B3}
	EndGlobalSection
EndGlobal
