
Microsoft Visual Studio Solution File, Format Version 12.00
# Visual Studio 15
VisualStudioVersion = 15.0.26124.0
MinimumVisualStudioVersion = 15.0.26124.0
Project("{FAE04EC0-301F-11D3-BF4B-00C04F79EFBC}") = "FTStore.Web", "FTStore.Web\FTStore.Web.csproj", "{16F97B83-5CE8-4361-B342-B0A48F3A62CD}"
EndProject
Project("{FAE04EC0-301F-11D3-BF4B-00C04F79EFBC}") = "FTStore.Domain", "FTStore.Domain\FTStore.Domain.csproj", "{258202C9-A5BC-445C-8E1D-F3CC42E05E5E}"
EndProject
Project("{FAE04EC0-301F-11D3-BF4B-00C04F79EFBC}") = "FTStore.Infra", "FTStore.Infra\FTStore.Infra.csproj", "{43498B27-A49C-420E-8AE4-81A67B457F89}"
EndProject
Project("{FAE04EC0-301F-11D3-BF4B-00C04F79EFBC}") = "FTStore.App", "FTStore.App\FTStore.App.csproj", "{1B1FD50C-59CE-4069-872E-5B06290D93E4}"
EndProject
Project("{FAE04EC0-301F-11D3-BF4B-00C04F79EFBC}") = "FTStore.Crosscutting", "FTStore.Crosscutting\FTStore.Crosscutting.csproj", "{15AEDD5B-5DC9-44F0-81B1-46C2212FF1FA}"
EndProject
Project("{FAE04EC0-301F-11D3-BF4B-00C04F79EFBC}") = "FTStore.Domain.Common", "FTStore.Domain.Common\FTStore.Domain.Common.csproj", "{55AAC5FC-F06A-4F5A-B5A6-D72AB3B07100}"
EndProject
Project("{FAE04EC0-301F-11D3-BF4B-00C04F79EFBC}") = "FTStore.Infra.Tests", "FTStore.Infra.Tests\FTStore.Infra.Tests.csproj", "{BCA6CF22-8FB3-4796-9565-06F3DD6F81BD}"
EndProject
Global
	GlobalSection(SolutionConfigurationPlatforms) = preSolution
		Debug|Any CPU = Debug|Any CPU
		Debug|x64 = Debug|x64
		Debug|x86 = Debug|x86
		Release|Any CPU = Release|Any CPU
		Release|x64 = Release|x64
		Release|x86 = Release|x86
	EndGlobalSection
	GlobalSection(SolutionProperties) = preSolution
		HideSolutionNode = FALSE
	EndGlobalSection
	GlobalSection(ProjectConfigurationPlatforms) = postSolution
		{16F97B83-5CE8-4361-B342-B0A48F3A62CD}.Debug|Any CPU.ActiveCfg = Debug|Any CPU
		{16F97B83-5CE8-4361-B342-B0A48F3A62CD}.Debug|Any CPU.Build.0 = Debug|Any CPU
		{16F97B83-5CE8-4361-B342-B0A48F3A62CD}.Debug|x64.ActiveCfg = Debug|Any CPU
		{16F97B83-5CE8-4361-B342-B0A48F3A62CD}.Debug|x64.Build.0 = Debug|Any CPU
		{16F97B83-5CE8-4361-B342-B0A48F3A62CD}.Debug|x86.ActiveCfg = Debug|Any CPU
		{16F97B83-5CE8-4361-B342-B0A48F3A62CD}.Debug|x86.Build.0 = Debug|Any CPU
		{16F97B83-5CE8-4361-B342-B0A48F3A62CD}.Release|Any CPU.ActiveCfg = Release|Any CPU
		{16F97B83-5CE8-4361-B342-B0A48F3A62CD}.Release|Any CPU.Build.0 = Release|Any CPU
		{16F97B83-5CE8-4361-B342-B0A48F3A62CD}.Release|x64.ActiveCfg = Release|Any CPU
		{16F97B83-5CE8-4361-B342-B0A48F3A62CD}.Release|x64.Build.0 = Release|Any CPU
		{16F97B83-5CE8-4361-B342-B0A48F3A62CD}.Release|x86.ActiveCfg = Release|Any CPU
		{16F97B83-5CE8-4361-B342-B0A48F3A62CD}.Release|x86.Build.0 = Release|Any CPU
		{258202C9-A5BC-445C-8E1D-F3CC42E05E5E}.Debug|Any CPU.ActiveCfg = Debug|Any CPU
		{258202C9-A5BC-445C-8E1D-F3CC42E05E5E}.Debug|Any CPU.Build.0 = Debug|Any CPU
		{258202C9-A5BC-445C-8E1D-F3CC42E05E5E}.Debug|x64.ActiveCfg = Debug|Any CPU
		{258202C9-A5BC-445C-8E1D-F3CC42E05E5E}.Debug|x64.Build.0 = Debug|Any CPU
		{258202C9-A5BC-445C-8E1D-F3CC42E05E5E}.Debug|x86.ActiveCfg = Debug|Any CPU
		{258202C9-A5BC-445C-8E1D-F3CC42E05E5E}.Debug|x86.Build.0 = Debug|Any CPU
		{258202C9-A5BC-445C-8E1D-F3CC42E05E5E}.Release|Any CPU.ActiveCfg = Release|Any CPU
		{258202C9-A5BC-445C-8E1D-F3CC42E05E5E}.Release|Any CPU.Build.0 = Release|Any CPU
		{258202C9-A5BC-445C-8E1D-F3CC42E05E5E}.Release|x64.ActiveCfg = Release|Any CPU
		{258202C9-A5BC-445C-8E1D-F3CC42E05E5E}.Release|x64.Build.0 = Release|Any CPU
		{258202C9-A5BC-445C-8E1D-F3CC42E05E5E}.Release|x86.ActiveCfg = Release|Any CPU
		{258202C9-A5BC-445C-8E1D-F3CC42E05E5E}.Release|x86.Build.0 = Release|Any CPU
		{43498B27-A49C-420E-8AE4-81A67B457F89}.Debug|Any CPU.ActiveCfg = Debug|Any CPU
		{43498B27-A49C-420E-8AE4-81A67B457F89}.Debug|Any CPU.Build.0 = Debug|Any CPU
		{43498B27-A49C-420E-8AE4-81A67B457F89}.Debug|x64.ActiveCfg = Debug|Any CPU
		{43498B27-A49C-420E-8AE4-81A67B457F89}.Debug|x64.Build.0 = Debug|Any CPU
		{43498B27-A49C-420E-8AE4-81A67B457F89}.Debug|x86.ActiveCfg = Debug|Any CPU
		{43498B27-A49C-420E-8AE4-81A67B457F89}.Debug|x86.Build.0 = Debug|Any CPU
		{43498B27-A49C-420E-8AE4-81A67B457F89}.Release|Any CPU.ActiveCfg = Release|Any CPU
		{43498B27-A49C-420E-8AE4-81A67B457F89}.Release|Any CPU.Build.0 = Release|Any CPU
		{43498B27-A49C-420E-8AE4-81A67B457F89}.Release|x64.ActiveCfg = Release|Any CPU
		{43498B27-A49C-420E-8AE4-81A67B457F89}.Release|x64.Build.0 = Release|Any CPU
		{43498B27-A49C-420E-8AE4-81A67B457F89}.Release|x86.ActiveCfg = Release|Any CPU
		{43498B27-A49C-420E-8AE4-81A67B457F89}.Release|x86.Build.0 = Release|Any CPU
		{1B1FD50C-59CE-4069-872E-5B06290D93E4}.Debug|Any CPU.ActiveCfg = Debug|Any CPU
		{1B1FD50C-59CE-4069-872E-5B06290D93E4}.Debug|Any CPU.Build.0 = Debug|Any CPU
		{1B1FD50C-59CE-4069-872E-5B06290D93E4}.Debug|x64.ActiveCfg = Debug|Any CPU
		{1B1FD50C-59CE-4069-872E-5B06290D93E4}.Debug|x64.Build.0 = Debug|Any CPU
		{1B1FD50C-59CE-4069-872E-5B06290D93E4}.Debug|x86.ActiveCfg = Debug|Any CPU
		{1B1FD50C-59CE-4069-872E-5B06290D93E4}.Debug|x86.Build.0 = Debug|Any CPU
		{1B1FD50C-59CE-4069-872E-5B06290D93E4}.Release|Any CPU.ActiveCfg = Release|Any CPU
		{1B1FD50C-59CE-4069-872E-5B06290D93E4}.Release|Any CPU.Build.0 = Release|Any CPU
		{1B1FD50C-59CE-4069-872E-5B06290D93E4}.Release|x64.ActiveCfg = Release|Any CPU
		{1B1FD50C-59CE-4069-872E-5B06290D93E4}.Release|x64.Build.0 = Release|Any CPU
		{1B1FD50C-59CE-4069-872E-5B06290D93E4}.Release|x86.ActiveCfg = Release|Any CPU
		{1B1FD50C-59CE-4069-872E-5B06290D93E4}.Release|x86.Build.0 = Release|Any CPU
		{15AEDD5B-5DC9-44F0-81B1-46C2212FF1FA}.Debug|Any CPU.ActiveCfg = Debug|Any CPU
		{15AEDD5B-5DC9-44F0-81B1-46C2212FF1FA}.Debug|Any CPU.Build.0 = Debug|Any CPU
		{15AEDD5B-5DC9-44F0-81B1-46C2212FF1FA}.Debug|x64.ActiveCfg = Debug|Any CPU
		{15AEDD5B-5DC9-44F0-81B1-46C2212FF1FA}.Debug|x64.Build.0 = Debug|Any CPU
		{15AEDD5B-5DC9-44F0-81B1-46C2212FF1FA}.Debug|x86.ActiveCfg = Debug|Any CPU
		{15AEDD5B-5DC9-44F0-81B1-46C2212FF1FA}.Debug|x86.Build.0 = Debug|Any CPU
		{15AEDD5B-5DC9-44F0-81B1-46C2212FF1FA}.Release|Any CPU.ActiveCfg = Release|Any CPU
		{15AEDD5B-5DC9-44F0-81B1-46C2212FF1FA}.Release|Any CPU.Build.0 = Release|Any CPU
		{15AEDD5B-5DC9-44F0-81B1-46C2212FF1FA}.Release|x64.ActiveCfg = Release|Any CPU
		{15AEDD5B-5DC9-44F0-81B1-46C2212FF1FA}.Release|x64.Build.0 = Release|Any CPU
		{15AEDD5B-5DC9-44F0-81B1-46C2212FF1FA}.Release|x86.ActiveCfg = Release|Any CPU
		{15AEDD5B-5DC9-44F0-81B1-46C2212FF1FA}.Release|x86.Build.0 = Release|Any CPU
		{55AAC5FC-F06A-4F5A-B5A6-D72AB3B07100}.Debug|Any CPU.ActiveCfg = Debug|Any CPU
		{55AAC5FC-F06A-4F5A-B5A6-D72AB3B07100}.Debug|Any CPU.Build.0 = Debug|Any CPU
		{55AAC5FC-F06A-4F5A-B5A6-D72AB3B07100}.Debug|x64.ActiveCfg = Debug|Any CPU
		{55AAC5FC-F06A-4F5A-B5A6-D72AB3B07100}.Debug|x64.Build.0 = Debug|Any CPU
		{55AAC5FC-F06A-4F5A-B5A6-D72AB3B07100}.Debug|x86.ActiveCfg = Debug|Any CPU
		{55AAC5FC-F06A-4F5A-B5A6-D72AB3B07100}.Debug|x86.Build.0 = Debug|Any CPU
		{55AAC5FC-F06A-4F5A-B5A6-D72AB3B07100}.Release|Any CPU.ActiveCfg = Release|Any CPU
		{55AAC5FC-F06A-4F5A-B5A6-D72AB3B07100}.Release|Any CPU.Build.0 = Release|Any CPU
		{55AAC5FC-F06A-4F5A-B5A6-D72AB3B07100}.Release|x64.ActiveCfg = Release|Any CPU
		{55AAC5FC-F06A-4F5A-B5A6-D72AB3B07100}.Release|x64.Build.0 = Release|Any CPU
		{55AAC5FC-F06A-4F5A-B5A6-D72AB3B07100}.Release|x86.ActiveCfg = Release|Any CPU
		{55AAC5FC-F06A-4F5A-B5A6-D72AB3B07100}.Release|x86.Build.0 = Release|Any CPU
		{BCA6CF22-8FB3-4796-9565-06F3DD6F81BD}.Debug|Any CPU.ActiveCfg = Debug|Any CPU
		{BCA6CF22-8FB3-4796-9565-06F3DD6F81BD}.Debug|Any CPU.Build.0 = Debug|Any CPU
		{BCA6CF22-8FB3-4796-9565-06F3DD6F81BD}.Debug|x64.ActiveCfg = Debug|Any CPU
		{BCA6CF22-8FB3-4796-9565-06F3DD6F81BD}.Debug|x64.Build.0 = Debug|Any CPU
		{BCA6CF22-8FB3-4796-9565-06F3DD6F81BD}.Debug|x86.ActiveCfg = Debug|Any CPU
		{BCA6CF22-8FB3-4796-9565-06F3DD6F81BD}.Debug|x86.Build.0 = Debug|Any CPU
		{BCA6CF22-8FB3-4796-9565-06F3DD6F81BD}.Release|Any CPU.ActiveCfg = Release|Any CPU
		{BCA6CF22-8FB3-4796-9565-06F3DD6F81BD}.Release|Any CPU.Build.0 = Release|Any CPU
		{BCA6CF22-8FB3-4796-9565-06F3DD6F81BD}.Release|x64.ActiveCfg = Release|Any CPU
		{BCA6CF22-8FB3-4796-9565-06F3DD6F81BD}.Release|x64.Build.0 = Release|Any CPU
		{BCA6CF22-8FB3-4796-9565-06F3DD6F81BD}.Release|x86.ActiveCfg = Release|Any CPU
		{BCA6CF22-8FB3-4796-9565-06F3DD6F81BD}.Release|x86.Build.0 = Release|Any CPU
	EndGlobalSection
EndGlobal
