
Microsoft Visual Studio Solution File, Format Version 12.00
# Visual Studio Version 16
VisualStudioVersion = 16.0.30011.22
MinimumVisualStudioVersion = 15.0.26124.0
Project("{9A19103F-16F7-4668-BE54-9A1E7A4F7556}") = "FTStore.Web", "src\FTStore.Web\FTStore.Web.csproj", "{F5D2B400-160D-46C2-A226-D95E48E6C4E5}"
EndProject
Project("{9A19103F-16F7-4668-BE54-9A1E7A4F7556}") = "FTStore.Domain", "src\FTStore.Domain\FTStore.Domain.csproj", "{D92625EB-4192-4D45-BBA6-C58617AC5481}"
EndProject
Project("{9A19103F-16F7-4668-BE54-9A1E7A4F7556}") = "FTStore.Infra", "src\FTStore.Infra\FTStore.Infra.csproj", "{46FA62BF-52B7-4BDA-905F-6D2D12B432B3}"
EndProject
Project("{9A19103F-16F7-4668-BE54-9A1E7A4F7556}") = "FTStore.App", "src\FTStore.App\FTStore.App.csproj", "{9E8FDE55-0460-4424-9D5B-4F8588DA21B5}"
EndProject
Project("{9A19103F-16F7-4668-BE54-9A1E7A4F7556}") = "FTStore.Crosscutting", "src\FTStore.Crosscutting\FTStore.Crosscutting.csproj", "{092245D8-026E-438B-A3DB-549BAEDBE367}"
EndProject
Project("{9A19103F-16F7-4668-BE54-9A1E7A4F7556}") = "FTStore.Infra.Tests", "src\FTStore.Infra.Tests\FTStore.Infra.Tests.csproj", "{BDD84851-B436-4209-91CB-01CE5052DF36}"
EndProject
Project("{9A19103F-16F7-4668-BE54-9A1E7A4F7556}") = "FTStore.Domain.Tests", "src\FTStore.Domain.Tests\FTStore.Domain.Tests.csproj", "{434C9747-022A-40AB-BB22-A8267F974E56}"
EndProject
Project("{9A19103F-16F7-4668-BE54-9A1E7A4F7556}") = "FTStore.App.Tests", "src\FTStore.App.Tests\FTStore.App.Tests.csproj", "{5E860F63-2F27-42C0-A90C-69FA7D1A00FC}"
EndProject
Project("{2150E333-8FDC-42A3-9474-1A3956D46DE8}") = "src", "src", "{6BE6F5E5-CAB7-4EF9-BF8E-3FB69B4C33B3}"
EndProject
Project("{9A19103F-16F7-4668-BE54-9A1E7A4F7556}") = "FTStore.Web.Tests", "src\FTStore.Web.Tests\FTStore.Web.Tests.csproj", "{FDEEC56C-80AD-43C2-B435-326096C5DAA3}"
EndProject
Project("{9A19103F-16F7-4668-BE54-9A1E7A4F7556}") = "FTStore.Web.End2End.Test", "src\FTStore.Web.End2End.Test\FTStore.Web.End2End.Test.csproj", "{1EF68464-30CF-4200-8854-EB4D8A50F370}"
EndProject
Project("{9A19103F-16F7-4668-BE54-9A1E7A4F7556}") = "FTStore.Auth.Domain.Tests", "src\FTStore.Auth.Domain.Tests\FTStore.Auth.Domain.Tests.csproj", "{E02EEC50-AA07-4B7F-9E91-FB283C91B542}"
EndProject
Project("{9A19103F-16F7-4668-BE54-9A1E7A4F7556}") = "FTStore.Auth.Domain", "src\FTStore.Auth.Domain\FTStore.Auth.Domain.csproj", "{017CB167-23E5-4647-9C7F-13F3047C8B19}"
EndProject
Project("{9A19103F-16F7-4668-BE54-9A1E7A4F7556}") = "FTStore.Auth.Infra", "src\FTStore.Auth.Infra\FTStore.Auth.Infra.csproj", "{AABE5BC9-C29D-4FD7-8EF2-A87CDD8E5F69}"
EndProject
Project("{9A19103F-16F7-4668-BE54-9A1E7A4F7556}") = "FTStore.Auth.App", "src\FTStore.Auth.App\FTStore.Auth.App.csproj", "{DED1C3BE-76DD-4A0C-ACD0-73690E6DCECD}"
EndProject
Project("{9A19103F-16F7-4668-BE54-9A1E7A4F7556}") = "FTStore.Auth.App.Test", "src\FTStore.Auth.App.Test\FTStore.Auth.App.Test.csproj", "{B95F33BE-4DE2-4F2B-88BA-897617FCE5D7}"
EndProject
Global
	GlobalSection(SolutionConfigurationPlatforms) = preSolution
		Debug|Any CPU = Debug|Any CPU
		Debug|x64 = Debug|x64
		Debug|x86 = Debug|x86
		Release|Any CPU = Release|Any CPU
		Release|x64 = Release|x64
		Release|x86 = Release|x86
	EndGlobalSection
	GlobalSection(ProjectConfigurationPlatforms) = postSolution
		{F5D2B400-160D-46C2-A226-D95E48E6C4E5}.Debug|Any CPU.ActiveCfg = Debug|Any CPU
		{F5D2B400-160D-46C2-A226-D95E48E6C4E5}.Debug|Any CPU.Build.0 = Debug|Any CPU
		{F5D2B400-160D-46C2-A226-D95E48E6C4E5}.Debug|x64.ActiveCfg = Debug|Any CPU
		{F5D2B400-160D-46C2-A226-D95E48E6C4E5}.Debug|x64.Build.0 = Debug|Any CPU
		{F5D2B400-160D-46C2-A226-D95E48E6C4E5}.Debug|x86.ActiveCfg = Debug|Any CPU
		{F5D2B400-160D-46C2-A226-D95E48E6C4E5}.Debug|x86.Build.0 = Debug|Any CPU
		{F5D2B400-160D-46C2-A226-D95E48E6C4E5}.Release|Any CPU.ActiveCfg = Release|Any CPU
		{F5D2B400-160D-46C2-A226-D95E48E6C4E5}.Release|Any CPU.Build.0 = Release|Any CPU
		{F5D2B400-160D-46C2-A226-D95E48E6C4E5}.Release|x64.ActiveCfg = Release|Any CPU
		{F5D2B400-160D-46C2-A226-D95E48E6C4E5}.Release|x64.Build.0 = Release|Any CPU
		{F5D2B400-160D-46C2-A226-D95E48E6C4E5}.Release|x86.ActiveCfg = Release|Any CPU
		{F5D2B400-160D-46C2-A226-D95E48E6C4E5}.Release|x86.Build.0 = Release|Any CPU
		{D92625EB-4192-4D45-BBA6-C58617AC5481}.Debug|Any CPU.ActiveCfg = Debug|Any CPU
		{D92625EB-4192-4D45-BBA6-C58617AC5481}.Debug|Any CPU.Build.0 = Debug|Any CPU
		{D92625EB-4192-4D45-BBA6-C58617AC5481}.Debug|x64.ActiveCfg = Debug|Any CPU
		{D92625EB-4192-4D45-BBA6-C58617AC5481}.Debug|x64.Build.0 = Debug|Any CPU
		{D92625EB-4192-4D45-BBA6-C58617AC5481}.Debug|x86.ActiveCfg = Debug|Any CPU
		{D92625EB-4192-4D45-BBA6-C58617AC5481}.Debug|x86.Build.0 = Debug|Any CPU
		{D92625EB-4192-4D45-BBA6-C58617AC5481}.Release|Any CPU.ActiveCfg = Release|Any CPU
		{D92625EB-4192-4D45-BBA6-C58617AC5481}.Release|Any CPU.Build.0 = Release|Any CPU
		{D92625EB-4192-4D45-BBA6-C58617AC5481}.Release|x64.ActiveCfg = Release|Any CPU
		{D92625EB-4192-4D45-BBA6-C58617AC5481}.Release|x64.Build.0 = Release|Any CPU
		{D92625EB-4192-4D45-BBA6-C58617AC5481}.Release|x86.ActiveCfg = Release|Any CPU
		{D92625EB-4192-4D45-BBA6-C58617AC5481}.Release|x86.Build.0 = Release|Any CPU
		{46FA62BF-52B7-4BDA-905F-6D2D12B432B3}.Debug|Any CPU.ActiveCfg = Debug|Any CPU
		{46FA62BF-52B7-4BDA-905F-6D2D12B432B3}.Debug|Any CPU.Build.0 = Debug|Any CPU
		{46FA62BF-52B7-4BDA-905F-6D2D12B432B3}.Debug|x64.ActiveCfg = Debug|Any CPU
		{46FA62BF-52B7-4BDA-905F-6D2D12B432B3}.Debug|x64.Build.0 = Debug|Any CPU
		{46FA62BF-52B7-4BDA-905F-6D2D12B432B3}.Debug|x86.ActiveCfg = Debug|Any CPU
		{46FA62BF-52B7-4BDA-905F-6D2D12B432B3}.Debug|x86.Build.0 = Debug|Any CPU
		{46FA62BF-52B7-4BDA-905F-6D2D12B432B3}.Release|Any CPU.ActiveCfg = Release|Any CPU
		{46FA62BF-52B7-4BDA-905F-6D2D12B432B3}.Release|Any CPU.Build.0 = Release|Any CPU
		{46FA62BF-52B7-4BDA-905F-6D2D12B432B3}.Release|x64.ActiveCfg = Release|Any CPU
		{46FA62BF-52B7-4BDA-905F-6D2D12B432B3}.Release|x64.Build.0 = Release|Any CPU
		{46FA62BF-52B7-4BDA-905F-6D2D12B432B3}.Release|x86.ActiveCfg = Release|Any CPU
		{46FA62BF-52B7-4BDA-905F-6D2D12B432B3}.Release|x86.Build.0 = Release|Any CPU
		{9E8FDE55-0460-4424-9D5B-4F8588DA21B5}.Debug|Any CPU.ActiveCfg = Debug|Any CPU
		{9E8FDE55-0460-4424-9D5B-4F8588DA21B5}.Debug|Any CPU.Build.0 = Debug|Any CPU
		{9E8FDE55-0460-4424-9D5B-4F8588DA21B5}.Debug|x64.ActiveCfg = Debug|Any CPU
		{9E8FDE55-0460-4424-9D5B-4F8588DA21B5}.Debug|x64.Build.0 = Debug|Any CPU
		{9E8FDE55-0460-4424-9D5B-4F8588DA21B5}.Debug|x86.ActiveCfg = Debug|Any CPU
		{9E8FDE55-0460-4424-9D5B-4F8588DA21B5}.Debug|x86.Build.0 = Debug|Any CPU
		{9E8FDE55-0460-4424-9D5B-4F8588DA21B5}.Release|Any CPU.ActiveCfg = Release|Any CPU
		{9E8FDE55-0460-4424-9D5B-4F8588DA21B5}.Release|Any CPU.Build.0 = Release|Any CPU
		{9E8FDE55-0460-4424-9D5B-4F8588DA21B5}.Release|x64.ActiveCfg = Release|Any CPU
		{9E8FDE55-0460-4424-9D5B-4F8588DA21B5}.Release|x64.Build.0 = Release|Any CPU
		{9E8FDE55-0460-4424-9D5B-4F8588DA21B5}.Release|x86.ActiveCfg = Release|Any CPU
		{9E8FDE55-0460-4424-9D5B-4F8588DA21B5}.Release|x86.Build.0 = Release|Any CPU
		{092245D8-026E-438B-A3DB-549BAEDBE367}.Debug|Any CPU.ActiveCfg = Debug|Any CPU
		{092245D8-026E-438B-A3DB-549BAEDBE367}.Debug|Any CPU.Build.0 = Debug|Any CPU
		{092245D8-026E-438B-A3DB-549BAEDBE367}.Debug|x64.ActiveCfg = Debug|Any CPU
		{092245D8-026E-438B-A3DB-549BAEDBE367}.Debug|x64.Build.0 = Debug|Any CPU
		{092245D8-026E-438B-A3DB-549BAEDBE367}.Debug|x86.ActiveCfg = Debug|Any CPU
		{092245D8-026E-438B-A3DB-549BAEDBE367}.Debug|x86.Build.0 = Debug|Any CPU
		{092245D8-026E-438B-A3DB-549BAEDBE367}.Release|Any CPU.ActiveCfg = Release|Any CPU
		{092245D8-026E-438B-A3DB-549BAEDBE367}.Release|Any CPU.Build.0 = Release|Any CPU
		{092245D8-026E-438B-A3DB-549BAEDBE367}.Release|x64.ActiveCfg = Release|Any CPU
		{092245D8-026E-438B-A3DB-549BAEDBE367}.Release|x64.Build.0 = Release|Any CPU
		{092245D8-026E-438B-A3DB-549BAEDBE367}.Release|x86.ActiveCfg = Release|Any CPU
		{092245D8-026E-438B-A3DB-549BAEDBE367}.Release|x86.Build.0 = Release|Any CPU
		{BDD84851-B436-4209-91CB-01CE5052DF36}.Debug|Any CPU.ActiveCfg = Debug|Any CPU
		{BDD84851-B436-4209-91CB-01CE5052DF36}.Debug|Any CPU.Build.0 = Debug|Any CPU
		{BDD84851-B436-4209-91CB-01CE5052DF36}.Debug|x64.ActiveCfg = Debug|Any CPU
		{BDD84851-B436-4209-91CB-01CE5052DF36}.Debug|x64.Build.0 = Debug|Any CPU
		{BDD84851-B436-4209-91CB-01CE5052DF36}.Debug|x86.ActiveCfg = Debug|Any CPU
		{BDD84851-B436-4209-91CB-01CE5052DF36}.Debug|x86.Build.0 = Debug|Any CPU
		{BDD84851-B436-4209-91CB-01CE5052DF36}.Release|Any CPU.ActiveCfg = Release|Any CPU
		{BDD84851-B436-4209-91CB-01CE5052DF36}.Release|Any CPU.Build.0 = Release|Any CPU
		{BDD84851-B436-4209-91CB-01CE5052DF36}.Release|x64.ActiveCfg = Release|Any CPU
		{BDD84851-B436-4209-91CB-01CE5052DF36}.Release|x64.Build.0 = Release|Any CPU
		{BDD84851-B436-4209-91CB-01CE5052DF36}.Release|x86.ActiveCfg = Release|Any CPU
		{BDD84851-B436-4209-91CB-01CE5052DF36}.Release|x86.Build.0 = Release|Any CPU
		{434C9747-022A-40AB-BB22-A8267F974E56}.Debug|Any CPU.ActiveCfg = Debug|Any CPU
		{434C9747-022A-40AB-BB22-A8267F974E56}.Debug|Any CPU.Build.0 = Debug|Any CPU
		{434C9747-022A-40AB-BB22-A8267F974E56}.Debug|x64.ActiveCfg = Debug|Any CPU
		{434C9747-022A-40AB-BB22-A8267F974E56}.Debug|x64.Build.0 = Debug|Any CPU
		{434C9747-022A-40AB-BB22-A8267F974E56}.Debug|x86.ActiveCfg = Debug|Any CPU
		{434C9747-022A-40AB-BB22-A8267F974E56}.Debug|x86.Build.0 = Debug|Any CPU
		{434C9747-022A-40AB-BB22-A8267F974E56}.Release|Any CPU.ActiveCfg = Release|Any CPU
		{434C9747-022A-40AB-BB22-A8267F974E56}.Release|Any CPU.Build.0 = Release|Any CPU
		{434C9747-022A-40AB-BB22-A8267F974E56}.Release|x64.ActiveCfg = Release|Any CPU
		{434C9747-022A-40AB-BB22-A8267F974E56}.Release|x64.Build.0 = Release|Any CPU
		{434C9747-022A-40AB-BB22-A8267F974E56}.Release|x86.ActiveCfg = Release|Any CPU
		{434C9747-022A-40AB-BB22-A8267F974E56}.Release|x86.Build.0 = Release|Any CPU
		{5E860F63-2F27-42C0-A90C-69FA7D1A00FC}.Debug|Any CPU.ActiveCfg = Debug|Any CPU
		{5E860F63-2F27-42C0-A90C-69FA7D1A00FC}.Debug|Any CPU.Build.0 = Debug|Any CPU
		{5E860F63-2F27-42C0-A90C-69FA7D1A00FC}.Debug|x64.ActiveCfg = Debug|Any CPU
		{5E860F63-2F27-42C0-A90C-69FA7D1A00FC}.Debug|x64.Build.0 = Debug|Any CPU
		{5E860F63-2F27-42C0-A90C-69FA7D1A00FC}.Debug|x86.ActiveCfg = Debug|Any CPU
		{5E860F63-2F27-42C0-A90C-69FA7D1A00FC}.Debug|x86.Build.0 = Debug|Any CPU
		{5E860F63-2F27-42C0-A90C-69FA7D1A00FC}.Release|Any CPU.ActiveCfg = Release|Any CPU
		{5E860F63-2F27-42C0-A90C-69FA7D1A00FC}.Release|Any CPU.Build.0 = Release|Any CPU
		{5E860F63-2F27-42C0-A90C-69FA7D1A00FC}.Release|x64.ActiveCfg = Release|Any CPU
		{5E860F63-2F27-42C0-A90C-69FA7D1A00FC}.Release|x64.Build.0 = Release|Any CPU
		{5E860F63-2F27-42C0-A90C-69FA7D1A00FC}.Release|x86.ActiveCfg = Release|Any CPU
		{5E860F63-2F27-42C0-A90C-69FA7D1A00FC}.Release|x86.Build.0 = Release|Any CPU
		{FDEEC56C-80AD-43C2-B435-326096C5DAA3}.Debug|Any CPU.ActiveCfg = Debug|Any CPU
		{FDEEC56C-80AD-43C2-B435-326096C5DAA3}.Debug|Any CPU.Build.0 = Debug|Any CPU
		{FDEEC56C-80AD-43C2-B435-326096C5DAA3}.Debug|x64.ActiveCfg = Debug|Any CPU
		{FDEEC56C-80AD-43C2-B435-326096C5DAA3}.Debug|x64.Build.0 = Debug|Any CPU
		{FDEEC56C-80AD-43C2-B435-326096C5DAA3}.Debug|x86.ActiveCfg = Debug|Any CPU
		{FDEEC56C-80AD-43C2-B435-326096C5DAA3}.Debug|x86.Build.0 = Debug|Any CPU
		{FDEEC56C-80AD-43C2-B435-326096C5DAA3}.Release|Any CPU.ActiveCfg = Release|Any CPU
		{FDEEC56C-80AD-43C2-B435-326096C5DAA3}.Release|Any CPU.Build.0 = Release|Any CPU
		{FDEEC56C-80AD-43C2-B435-326096C5DAA3}.Release|x64.ActiveCfg = Release|Any CPU
		{FDEEC56C-80AD-43C2-B435-326096C5DAA3}.Release|x64.Build.0 = Release|Any CPU
		{FDEEC56C-80AD-43C2-B435-326096C5DAA3}.Release|x86.ActiveCfg = Release|Any CPU
		{FDEEC56C-80AD-43C2-B435-326096C5DAA3}.Release|x86.Build.0 = Release|Any CPU
		{1EF68464-30CF-4200-8854-EB4D8A50F370}.Debug|Any CPU.ActiveCfg = Debug|Any CPU
		{1EF68464-30CF-4200-8854-EB4D8A50F370}.Debug|Any CPU.Build.0 = Debug|Any CPU
		{1EF68464-30CF-4200-8854-EB4D8A50F370}.Debug|x64.ActiveCfg = Debug|Any CPU
		{1EF68464-30CF-4200-8854-EB4D8A50F370}.Debug|x64.Build.0 = Debug|Any CPU
		{1EF68464-30CF-4200-8854-EB4D8A50F370}.Debug|x86.ActiveCfg = Debug|Any CPU
		{1EF68464-30CF-4200-8854-EB4D8A50F370}.Debug|x86.Build.0 = Debug|Any CPU
		{1EF68464-30CF-4200-8854-EB4D8A50F370}.Release|Any CPU.ActiveCfg = Release|Any CPU
		{1EF68464-30CF-4200-8854-EB4D8A50F370}.Release|Any CPU.Build.0 = Release|Any CPU
		{1EF68464-30CF-4200-8854-EB4D8A50F370}.Release|x64.ActiveCfg = Release|Any CPU
		{1EF68464-30CF-4200-8854-EB4D8A50F370}.Release|x64.Build.0 = Release|Any CPU
		{1EF68464-30CF-4200-8854-EB4D8A50F370}.Release|x86.ActiveCfg = Release|Any CPU
		{1EF68464-30CF-4200-8854-EB4D8A50F370}.Release|x86.Build.0 = Release|Any CPU
		{E02EEC50-AA07-4B7F-9E91-FB283C91B542}.Debug|Any CPU.ActiveCfg = Debug|Any CPU
		{E02EEC50-AA07-4B7F-9E91-FB283C91B542}.Debug|Any CPU.Build.0 = Debug|Any CPU
		{E02EEC50-AA07-4B7F-9E91-FB283C91B542}.Debug|x64.ActiveCfg = Debug|Any CPU
		{E02EEC50-AA07-4B7F-9E91-FB283C91B542}.Debug|x64.Build.0 = Debug|Any CPU
		{E02EEC50-AA07-4B7F-9E91-FB283C91B542}.Debug|x86.ActiveCfg = Debug|Any CPU
		{E02EEC50-AA07-4B7F-9E91-FB283C91B542}.Debug|x86.Build.0 = Debug|Any CPU
		{E02EEC50-AA07-4B7F-9E91-FB283C91B542}.Release|Any CPU.ActiveCfg = Release|Any CPU
		{E02EEC50-AA07-4B7F-9E91-FB283C91B542}.Release|Any CPU.Build.0 = Release|Any CPU
		{E02EEC50-AA07-4B7F-9E91-FB283C91B542}.Release|x64.ActiveCfg = Release|Any CPU
		{E02EEC50-AA07-4B7F-9E91-FB283C91B542}.Release|x64.Build.0 = Release|Any CPU
		{E02EEC50-AA07-4B7F-9E91-FB283C91B542}.Release|x86.ActiveCfg = Release|Any CPU
		{E02EEC50-AA07-4B7F-9E91-FB283C91B542}.Release|x86.Build.0 = Release|Any CPU
		{017CB167-23E5-4647-9C7F-13F3047C8B19}.Debug|Any CPU.ActiveCfg = Debug|Any CPU
		{017CB167-23E5-4647-9C7F-13F3047C8B19}.Debug|Any CPU.Build.0 = Debug|Any CPU
		{017CB167-23E5-4647-9C7F-13F3047C8B19}.Debug|x64.ActiveCfg = Debug|Any CPU
		{017CB167-23E5-4647-9C7F-13F3047C8B19}.Debug|x64.Build.0 = Debug|Any CPU
		{017CB167-23E5-4647-9C7F-13F3047C8B19}.Debug|x86.ActiveCfg = Debug|Any CPU
		{017CB167-23E5-4647-9C7F-13F3047C8B19}.Debug|x86.Build.0 = Debug|Any CPU
		{017CB167-23E5-4647-9C7F-13F3047C8B19}.Release|Any CPU.ActiveCfg = Release|Any CPU
		{017CB167-23E5-4647-9C7F-13F3047C8B19}.Release|Any CPU.Build.0 = Release|Any CPU
		{017CB167-23E5-4647-9C7F-13F3047C8B19}.Release|x64.ActiveCfg = Release|Any CPU
		{017CB167-23E5-4647-9C7F-13F3047C8B19}.Release|x64.Build.0 = Release|Any CPU
		{017CB167-23E5-4647-9C7F-13F3047C8B19}.Release|x86.ActiveCfg = Release|Any CPU
		{017CB167-23E5-4647-9C7F-13F3047C8B19}.Release|x86.Build.0 = Release|Any CPU
		{AABE5BC9-C29D-4FD7-8EF2-A87CDD8E5F69}.Debug|Any CPU.ActiveCfg = Debug|Any CPU
		{AABE5BC9-C29D-4FD7-8EF2-A87CDD8E5F69}.Debug|Any CPU.Build.0 = Debug|Any CPU
		{AABE5BC9-C29D-4FD7-8EF2-A87CDD8E5F69}.Debug|x64.ActiveCfg = Debug|Any CPU
		{AABE5BC9-C29D-4FD7-8EF2-A87CDD8E5F69}.Debug|x64.Build.0 = Debug|Any CPU
		{AABE5BC9-C29D-4FD7-8EF2-A87CDD8E5F69}.Debug|x86.ActiveCfg = Debug|Any CPU
		{AABE5BC9-C29D-4FD7-8EF2-A87CDD8E5F69}.Debug|x86.Build.0 = Debug|Any CPU
		{AABE5BC9-C29D-4FD7-8EF2-A87CDD8E5F69}.Release|Any CPU.ActiveCfg = Release|Any CPU
		{AABE5BC9-C29D-4FD7-8EF2-A87CDD8E5F69}.Release|Any CPU.Build.0 = Release|Any CPU
		{AABE5BC9-C29D-4FD7-8EF2-A87CDD8E5F69}.Release|x64.ActiveCfg = Release|Any CPU
		{AABE5BC9-C29D-4FD7-8EF2-A87CDD8E5F69}.Release|x64.Build.0 = Release|Any CPU
		{AABE5BC9-C29D-4FD7-8EF2-A87CDD8E5F69}.Release|x86.ActiveCfg = Release|Any CPU
		{AABE5BC9-C29D-4FD7-8EF2-A87CDD8E5F69}.Release|x86.Build.0 = Release|Any CPU
		{DED1C3BE-76DD-4A0C-ACD0-73690E6DCECD}.Debug|Any CPU.ActiveCfg = Debug|Any CPU
		{DED1C3BE-76DD-4A0C-ACD0-73690E6DCECD}.Debug|Any CPU.Build.0 = Debug|Any CPU
		{DED1C3BE-76DD-4A0C-ACD0-73690E6DCECD}.Debug|x64.ActiveCfg = Debug|Any CPU
		{DED1C3BE-76DD-4A0C-ACD0-73690E6DCECD}.Debug|x64.Build.0 = Debug|Any CPU
		{DED1C3BE-76DD-4A0C-ACD0-73690E6DCECD}.Debug|x86.ActiveCfg = Debug|Any CPU
		{DED1C3BE-76DD-4A0C-ACD0-73690E6DCECD}.Debug|x86.Build.0 = Debug|Any CPU
		{DED1C3BE-76DD-4A0C-ACD0-73690E6DCECD}.Release|Any CPU.ActiveCfg = Release|Any CPU
		{DED1C3BE-76DD-4A0C-ACD0-73690E6DCECD}.Release|Any CPU.Build.0 = Release|Any CPU
		{DED1C3BE-76DD-4A0C-ACD0-73690E6DCECD}.Release|x64.ActiveCfg = Release|Any CPU
		{DED1C3BE-76DD-4A0C-ACD0-73690E6DCECD}.Release|x64.Build.0 = Release|Any CPU
		{DED1C3BE-76DD-4A0C-ACD0-73690E6DCECD}.Release|x86.ActiveCfg = Release|Any CPU
		{DED1C3BE-76DD-4A0C-ACD0-73690E6DCECD}.Release|x86.Build.0 = Release|Any CPU
		{B95F33BE-4DE2-4F2B-88BA-897617FCE5D7}.Debug|Any CPU.ActiveCfg = Debug|Any CPU
		{B95F33BE-4DE2-4F2B-88BA-897617FCE5D7}.Debug|Any CPU.Build.0 = Debug|Any CPU
		{B95F33BE-4DE2-4F2B-88BA-897617FCE5D7}.Debug|x64.ActiveCfg = Debug|Any CPU
		{B95F33BE-4DE2-4F2B-88BA-897617FCE5D7}.Debug|x64.Build.0 = Debug|Any CPU
		{B95F33BE-4DE2-4F2B-88BA-897617FCE5D7}.Debug|x86.ActiveCfg = Debug|Any CPU
		{B95F33BE-4DE2-4F2B-88BA-897617FCE5D7}.Debug|x86.Build.0 = Debug|Any CPU
		{B95F33BE-4DE2-4F2B-88BA-897617FCE5D7}.Release|Any CPU.ActiveCfg = Release|Any CPU
		{B95F33BE-4DE2-4F2B-88BA-897617FCE5D7}.Release|Any CPU.Build.0 = Release|Any CPU
		{B95F33BE-4DE2-4F2B-88BA-897617FCE5D7}.Release|x64.ActiveCfg = Release|Any CPU
		{B95F33BE-4DE2-4F2B-88BA-897617FCE5D7}.Release|x64.Build.0 = Release|Any CPU
		{B95F33BE-4DE2-4F2B-88BA-897617FCE5D7}.Release|x86.ActiveCfg = Release|Any CPU
		{B95F33BE-4DE2-4F2B-88BA-897617FCE5D7}.Release|x86.Build.0 = Release|Any CPU
	EndGlobalSection
	GlobalSection(SolutionProperties) = preSolution
		HideSolutionNode = FALSE
	EndGlobalSection
	GlobalSection(NestedProjects) = preSolution
		{FDEEC56C-80AD-43C2-B435-326096C5DAA3} = {6BE6F5E5-CAB7-4EF9-BF8E-3FB69B4C33B3}
		{1EF68464-30CF-4200-8854-EB4D8A50F370} = {6BE6F5E5-CAB7-4EF9-BF8E-3FB69B4C33B3}
		{E02EEC50-AA07-4B7F-9E91-FB283C91B542} = {6BE6F5E5-CAB7-4EF9-BF8E-3FB69B4C33B3}
		{017CB167-23E5-4647-9C7F-13F3047C8B19} = {6BE6F5E5-CAB7-4EF9-BF8E-3FB69B4C33B3}
		{AABE5BC9-C29D-4FD7-8EF2-A87CDD8E5F69} = {6BE6F5E5-CAB7-4EF9-BF8E-3FB69B4C33B3}
		{DED1C3BE-76DD-4A0C-ACD0-73690E6DCECD} = {6BE6F5E5-CAB7-4EF9-BF8E-3FB69B4C33B3}
		{B95F33BE-4DE2-4F2B-88BA-897617FCE5D7} = {6BE6F5E5-CAB7-4EF9-BF8E-3FB69B4C33B3}
	EndGlobalSection
	GlobalSection(ExtensibilityGlobals) = postSolution
		SolutionGuid = {3A818D47-E6EB-4635-B85E-775C044188C0}
	EndGlobalSection
EndGlobal
